
Microsoft Visual Studio Solution File, Format Version 12.00
# Visual Studio Version 17
VisualStudioVersion = 17.7.34024.191
MinimumVisualStudioVersion = 10.0.40219.1
Project("{FAE04EC0-301F-11D3-BF4B-00C04F79EFBC}") = "PhoneBook_CRUD", "PhoneBook_CRUD.csproj", "{4A712A6E-921D-43E9-8D6C-6FB0DAC68407}"
EndProject
Global
	GlobalSection(SolutionConfigurationPlatforms) = preSolution
		Debug|Any CPU = Debug|Any CPU
		Release|Any CPU = Release|Any CPU
	EndGlobalSection
	GlobalSection(ProjectConfigurationPlatforms) = postSolution
		{4A712A6E-921D-43E9-8D6C-6FB0DAC68407}.Debug|Any CPU.ActiveCfg = Debug|Any CPU
		{4A712A6E-921D-43E9-8D6C-6FB0DAC68407}.Debug|Any CPU.Build.0 = Debug|Any CPU
		{4A712A6E-921D-43E9-8D6C-6FB0DAC68407}.Release|Any CPU.ActiveCfg = Release|Any CPU
		{4A712A6E-921D-43E9-8D6C-6FB0DAC68407}.Release|Any CPU.Build.0 = Release|Any CPU
	EndGlobalSection
	GlobalSection(SolutionProperties) = preSolution
		HideSolutionNode = FALSE
	EndGlobalSection
	GlobalSection(ExtensibilityGlobals) = postSolution
		SolutionGuid = {15ABBE5A-A8FC-45B8-B4E7-3DA221A36D27}
	EndGlobalSection
EndGlobal
